
Microsoft Visual Studio Solution File, Format Version 12.00
# Visual Studio Version 16
VisualStudioVersion = 16.0.29806.167
MinimumVisualStudioVersion = 10.0.40219.1
Project("{9A19103F-16F7-4668-BE54-9A1E7A4F7556}") = "Blog.WebApi", "Blog.WebApi\Blog.WebApi.csproj", "{5B0522C8-2378-42FE-9C37-26DDA541B3BB}"
EndProject
Project("{9A19103F-16F7-4668-BE54-9A1E7A4F7556}") = "Blog.DataAccess", "Blog.DataAccess\Blog.DataAccess.csproj", "{19C022C8-296C-44EB-8E0A-25BE4216F6B5}"
EndProject
Project("{9A19103F-16F7-4668-BE54-9A1E7A4F7556}") = "Blog.Services.Models", "Blog.Services.Models\Blog.Services.Models.csproj", "{502ED5AD-12D2-4689-8B9F-14506B604B0C}"
EndProject
Project("{9A19103F-16F7-4668-BE54-9A1E7A4F7556}") = "Blog.Services", "Blog.Services\Blog.Services.csproj", "{A18666F6-5ECA-435C-8D61-8789BE402AA2}"
EndProject
Global
	GlobalSection(SolutionConfigurationPlatforms) = preSolution
		Debug|Any CPU = Debug|Any CPU
		Release|Any CPU = Release|Any CPU
	EndGlobalSection
	GlobalSection(ProjectConfigurationPlatforms) = postSolution
		{5B0522C8-2378-42FE-9C37-26DDA541B3BB}.Debug|Any CPU.ActiveCfg = Debug|Any CPU
		{5B0522C8-2378-42FE-9C37-26DDA541B3BB}.Debug|Any CPU.Build.0 = Debug|Any CPU
		{5B0522C8-2378-42FE-9C37-26DDA541B3BB}.Release|Any CPU.ActiveCfg = Release|Any CPU
		{5B0522C8-2378-42FE-9C37-26DDA541B3BB}.Release|Any CPU.Build.0 = Release|Any CPU
		{19C022C8-296C-44EB-8E0A-25BE4216F6B5}.Debug|Any CPU.ActiveCfg = Debug|Any CPU
		{19C022C8-296C-44EB-8E0A-25BE4216F6B5}.Debug|Any CPU.Build.0 = Debug|Any CPU
		{19C022C8-296C-44EB-8E0A-25BE4216F6B5}.Release|Any CPU.ActiveCfg = Release|Any CPU
		{19C022C8-296C-44EB-8E0A-25BE4216F6B5}.Release|Any CPU.Build.0 = Release|Any CPU
		{502ED5AD-12D2-4689-8B9F-14506B604B0C}.Debug|Any CPU.ActiveCfg = Debug|Any CPU
		{502ED5AD-12D2-4689-8B9F-14506B604B0C}.Debug|Any CPU.Build.0 = Debug|Any CPU
		{502ED5AD-12D2-4689-8B9F-14506B604B0C}.Release|Any CPU.ActiveCfg = Release|Any CPU
		{502ED5AD-12D2-4689-8B9F-14506B604B0C}.Release|Any CPU.Build.0 = Release|Any CPU
		{A18666F6-5ECA-435C-8D61-8789BE402AA2}.Debug|Any CPU.ActiveCfg = Debug|Any CPU
		{A18666F6-5ECA-435C-8D61-8789BE402AA2}.Debug|Any CPU.Build.0 = Debug|Any CPU
		{A18666F6-5ECA-435C-8D61-8789BE402AA2}.Release|Any CPU.ActiveCfg = Release|Any CPU
		{A18666F6-5ECA-435C-8D61-8789BE402AA2}.Release|Any CPU.Build.0 = Release|Any CPU
	EndGlobalSection
	GlobalSection(SolutionProperties) = preSolution
		HideSolutionNode = FALSE
	EndGlobalSection
	GlobalSection(ExtensibilityGlobals) = postSolution
		SolutionGuid = {2FD387F5-EDEB-4B4C-8332-0908E084804A}
	EndGlobalSection
EndGlobal
